%{"cowboy": {:hex, :cowboy, "1.0.4", "a324a8df9f2316c833a470d918aaf73ae894278b8aa6226ce7a9bf699388f878", [:make, :rebar], [{:cowlib, "~> 1.0.0", [hex: :cowlib, repo: "hexpm", optional: false]}, {:ranch, "~> 1.0", [hex: :ranch, repo: "hexpm", optional: false]}], "hexpm"},
  "cowlib": {:hex, :cowlib, "1.0.2", "9d769a1d062c9c3ac753096f868ca121e2730b9a377de23dec0f7e08b1df84ee", [:make], [], "hexpm"},
  "ewebmachine": {:git, "https://github.com/kbrw/ewebmachine.git", "25f279b099dcb85eaf3a229b91ce2ed5350099a5", []},
  "exfsm": {:git, "https://github.com/kbrw/exfsm.git", "38083f1524a8a66e05c99ab6d024c369b9c83726", []},
  "exos": {:hex, :exos, "1.0.0", "4eb19eb958de0c07284a3e6d23966b41e0bce37556120fcf908900b1eeee2b60", [:mix], [], "hexpm"},
  "mime": {:hex, :mime, "1.3.1", "30ce04ab3175b6ad0bdce0035cba77bba68b813d523d1aac73d9781b4d193cf8", [:mix], [], "hexpm"},
  "plug": {:hex, :plug, "1.3.6", "bcdf94ac0f4bc3b804bdbdbde37ebf598bd7ed2bfa5106ed1ab5984a09b7e75f", [:mix], [{:cowboy, "~> 1.0.1 or ~> 1.1", [hex: :cowboy, repo: "hexpm", optional: true]}, {:mime, "~> 1.0", [hex: :mime, repo: "hexpm", optional: false]}], "hexpm"},
  "poison": {:hex, :poison, "2.1.0", "f583218ced822675e484648fa26c933d621373f01c6c76bd00005d7bd4b82e27", [:mix], [], "hexpm"},
  "poolboy": {:hex, :poolboy, "1.5.2", "392b007a1693a64540cead79830443abf5762f5d30cf50bc95cb2c1aaafa006b", [:rebar3], [], "hexpm"},
  "ranch": {:hex, :ranch, "1.7.1", "6b1fab51b49196860b733a49c07604465a47bdb78aa10c1c16a3d199f7f8c881", [:rebar3], [], "hexpm"},
  "reaxt": {:git, "https://github.com/kbrw/reaxt.git", "1cd8f5d854a2c1f0bd2816e4c2d8febf8856c084", []},
  "rulex": {:git, "https://github.com/kbrw/rulex.git", "1a903e4df1117ef305e45ab9281da3626bd061f9", []}}
